
Microsoft Visual Studio Solution File, Format Version 12.00
# Visual Studio Version 17
VisualStudioVersion = 17.7.34202.233
MinimumVisualStudioVersion = 10.0.40219.1
Project("{FAE04EC0-301F-11D3-BF4B-00C04F79EFBC}") = "BTBuoi5", "BTBuoi5\BTBuoi5.csproj", "{67C4DE8C-6145-407D-8556-554F8DDF0418}"
EndProject
Global
	GlobalSection(SolutionConfigurationPlatforms) = preSolution
		Debug|Any CPU = Debug|Any CPU
		Release|Any CPU = Release|Any CPU
	EndGlobalSection
	GlobalSection(ProjectConfigurationPlatforms) = postSolution
		{67C4DE8C-6145-407D-8556-554F8DDF0418}.Debug|Any CPU.ActiveCfg = Debug|Any CPU
		{67C4DE8C-6145-407D-8556-554F8DDF0418}.Debug|Any CPU.Build.0 = Debug|Any CPU
		{67C4DE8C-6145-407D-8556-554F8DDF0418}.Release|Any CPU.ActiveCfg = Release|Any CPU
		{67C4DE8C-6145-407D-8556-554F8DDF0418}.Release|Any CPU.Build.0 = Release|Any CPU
	EndGlobalSection
	GlobalSection(SolutionProperties) = preSolution
		HideSolutionNode = FALSE
	EndGlobalSection
	GlobalSection(ExtensibilityGlobals) = postSolution
		SolutionGuid = {3337B8C1-8215-4239-931A-7A2C677158C7}
	EndGlobalSection
EndGlobal
